PODS:
  - Flutter (1.0.0)
  - getuiflut (0.0.1):
    - Flutter
    - GTSDK
  - GTCommonSDK (3.2.3.0):
    - ZXSDK
  - GTSDK (3.1.0.0):
    - GTCommonSDK (> 3.0.9.0)
  - ZXSDK (3.3.2)

DEPENDENCIES:
  - Flutter (from `Flutter`)
  - getuiflut (from `.symlinks/plugins/getuiflut/ios`)

SPEC REPOS:
  trunk:
    - GTCommonSDK
    - GTSDK
    - ZXSDK

EXTERNAL SOURCES:
  Flutter:
    :path: Flutter
  getuiflut:
    :path: ".symlinks/plugins/getuiflut/ios"

SPEC CHECKSUMS:
  Flutter: cabc95a1d2626b1b06e7179b784ebcf0c0cde467
  getuiflut: ea9b200062f474810671171f9f36985ff5d431d0
  GTCommonSDK: 238c6735add91e654f8564638854686ee3dcb4ac
  GTSDK: edf67f0d2c9fee263c16cd4d85a9bc6777bc3263
  ZXSDK: 786338c0a18e98e03eda00699c3bfd2700b97117

PODFILE CHECKSUM: 3c63482e143d1b91d2d2560aee9fb04ecc74ac7e

COCOAPODS: 1.16.2
